
Microsoft Visual Studio Solution File, Format Version 12.00
# Visual Studio Version 16
VisualStudioVersion = 16.0.30225.117
MinimumVisualStudioVersion = 10.0.40219.1
Project("{9A19103F-16F7-4668-BE54-9A1E7A4F7556}") = "CicekSepetiCaseStudy.Api", "CicekSepetiCaseStudy.Api\CicekSepetiCaseStudy.Api.csproj", "{DEDA86E9-5770-44EB-8CC7-4377E16A6EB2}"
EndProject
Project("{9A19103F-16F7-4668-BE54-9A1E7A4F7556}") = "CicekSepetiCaseStudy.Data", "CicekSepetiCaseStudy.Data\CicekSepetiCaseStudy.Data.csproj", "{A525131F-1E6E-410C-8E09-D0412B59B30A}"
EndProject
Project("{9A19103F-16F7-4668-BE54-9A1E7A4F7556}") = "CicekSepetiCaseStudy.Core", "CicekSepetiCaseStudy.Core\CicekSepetiCaseStudy.Core.csproj", "{72E7498A-DB52-44A4-9A98-BB86549F913A}"
EndProject
Project("{FAE04EC0-301F-11D3-BF4B-00C04F79EFBC}") = "CicekSepetiCaseStudy.Test", "CicekSepetiCaseStudy.Test\CicekSepetiCaseStudy.Test.csproj", "{860968BF-D8B7-45D4-99DD-EDBACB9F8439}"
EndProject
Global
	GlobalSection(SolutionConfigurationPlatforms) = preSolution
		Debug|Any CPU = Debug|Any CPU
		Release|Any CPU = Release|Any CPU
	EndGlobalSection
	GlobalSection(ProjectConfigurationPlatforms) = postSolution
		{DEDA86E9-5770-44EB-8CC7-4377E16A6EB2}.Debug|Any CPU.ActiveCfg = Debug|Any CPU
		{DEDA86E9-5770-44EB-8CC7-4377E16A6EB2}.Debug|Any CPU.Build.0 = Debug|Any CPU
		{DEDA86E9-5770-44EB-8CC7-4377E16A6EB2}.Release|Any CPU.ActiveCfg = Release|Any CPU
		{DEDA86E9-5770-44EB-8CC7-4377E16A6EB2}.Release|Any CPU.Build.0 = Release|Any CPU
		{A525131F-1E6E-410C-8E09-D0412B59B30A}.Debug|Any CPU.ActiveCfg = Debug|Any CPU
		{A525131F-1E6E-410C-8E09-D0412B59B30A}.Debug|Any CPU.Build.0 = Debug|Any CPU
		{A525131F-1E6E-410C-8E09-D0412B59B30A}.Release|Any CPU.ActiveCfg = Release|Any CPU
		{A525131F-1E6E-410C-8E09-D0412B59B30A}.Release|Any CPU.Build.0 = Release|Any CPU
		{72E7498A-DB52-44A4-9A98-BB86549F913A}.Debug|Any CPU.ActiveCfg = Debug|Any CPU
		{72E7498A-DB52-44A4-9A98-BB86549F913A}.Debug|Any CPU.Build.0 = Debug|Any CPU
		{72E7498A-DB52-44A4-9A98-BB86549F913A}.Release|Any CPU.ActiveCfg = Release|Any CPU
		{72E7498A-DB52-44A4-9A98-BB86549F913A}.Release|Any CPU.Build.0 = Release|Any CPU
		{860968BF-D8B7-45D4-99DD-EDBACB9F8439}.Debug|Any CPU.ActiveCfg = Debug|Any CPU
		{860968BF-D8B7-45D4-99DD-EDBACB9F8439}.Debug|Any CPU.Build.0 = Debug|Any CPU
		{860968BF-D8B7-45D4-99DD-EDBACB9F8439}.Release|Any CPU.ActiveCfg = Release|Any CPU
		{860968BF-D8B7-45D4-99DD-EDBACB9F8439}.Release|Any CPU.Build.0 = Release|Any CPU
	EndGlobalSection
	GlobalSection(SolutionProperties) = preSolution
		HideSolutionNode = FALSE
	EndGlobalSection
	GlobalSection(ExtensibilityGlobals) = postSolution
		SolutionGuid = {8AF97843-AAB9-4617-A29F-F4388BAA2FAB}
	EndGlobalSection
EndGlobal
